{
  "requires": true,
  "lockfileVersion": 1,
  "dependencies": {
    "ngx-infinite-scroll": {
      "version": "14.0.1",
      "resolved": "https://registry.npmjs.org/ngx-infinite-scroll/-/ngx-infinite-scroll-14.0.1.tgz",
      "integrity": "sha512-PlGL29d2PxNJTn6qdXs4Es0HlJTZ/ZqOVvFWECWm7mK2fN/q+q62s0iUQ7xRf76NuqoNovXvrjZ1zwLFT6c0Wg==",
      "requires": {
        "tslib": "^2.3.0"
      }
    },
    "tslib": {
      "version": "2.4.1",
      "resolved": "https://registry.npmjs.org/tslib/-/tslib-2.4.1.tgz",
      "integrity": "sha512-tGyy4dAjRIEwI7BzsB0lynWgOpfqjUdq91XXAlIWD2OwKBH7oCl/GZG/HT4BOHrTlPMOASlMQ7veyTqpmRcrNA=="
    }
  }
}
